// !$*UTF8*$!
{
	archiveVersion = 1;
	classes = {
	};
	objectVersion = 56;
	objects = {

/* Begin PBXBuildFile section */
		4F027E1F29BE774B00DEAEC9 /* GlassmorphismReelApp.swift in Sources */ = {isa = PBXBuildFile; fileRef = 4F027E1E29BE774B00DEAEC9 /* GlassmorphismReelApp.swift */; };
		4F027E2129BE774B00DEAEC9 /* ContentView.swift in Sources */ = {isa = PBXBuildFile; fileRef = 4F027E2029BE774B00DEAEC9 /* ContentView.swift */; };
		4F027E2329BE774D00DEAEC9 /* Assets.xcassets in Resources */ = {isa = PBXBuildFile; fileRef = 4F027E2229BE774D00DEAEC9 /* Assets.xcassets */; };
		4F027E2629BE774D00DEAEC9 /* Preview Assets.xcassets in Resources */ = {isa = PBXBuildFile; fileRef = 4F027E2529BE774D00DEAEC9 /* Preview Assets.xcassets */; };
		4F0D8F0E29D73D90001C873B /* Figtree-Regular.ttf in Resources */ = {isa = PBXBuildFile; fileRef = 4F0D8F0029D73D8D001C873B /* Figtree-Regular.ttf */; };
		4F0D8F0F29D73D90001C873B /* Figtree-SemiBold.ttf in Resources */ = {isa = PBXBuildFile; fileRef = 4F0D8F0129D73D8D001C873B /* Figtree-SemiBold.ttf */; };
		4F0D8F1129D73D90001C873B /* Figtree-Bold.ttf in Resources */ = {isa = PBXBuildFile; fileRef = 4F0D8F0329D73D8E001C873B /* Figtree-Bold.ttf */; };
		4F0D8F1429D73D90001C873B /* Figtree-Light.ttf in Resources */ = {isa = PBXBuildFile; fileRef = 4F0D8F0629D73D8E001C873B /* Figtree-Light.ttf */; };
		4F0D8F1629D73D90001C873B /* Figtree-Italic.ttf in Resources */ = {isa = PBXBuildFile; fileRef = 4F0D8F0829D73D8E001C873B /* Figtree-Italic.ttf */; };
		4F0D8F1A29D73D90001C873B /* Figtree-Medium.ttf in Resources */ = {isa = PBXBuildFile; fileRef = 4F0D8F0C29D73D90001C873B /* Figtree-Medium.ttf */; };
		4F0D8F2029D73DA3001C873B /* PTSans-Bold.ttf in Resources */ = {isa = PBXBuildFile; fileRef = 4F0D8F1C29D73DA2001C873B /* PTSans-Bold.ttf */; };
		4F0D8F2329D73DA3001C873B /* PTSans-Regular.ttf in Resources */ = {isa = PBXBuildFile; fileRef = 4F0D8F1F29D73DA2001C873B /* PTSans-Regular.ttf */; };
		4F117A4929DE08DF002803FB /* ShouldHide.swift in Sources */ = {isa = PBXBuildFile; fileRef = 4F117A4829DE08DF002803FB /* ShouldHide.swift */; };
		4F117A4B29DE095D002803FB /* TitleText.swift in Sources */ = {isa = PBXBuildFile; fileRef = 4F117A4A29DE095D002803FB /* TitleText.swift */; };
		4F117A5029DE0E7B002803FB /* GlassPanel.swift in Sources */ = {isa = PBXBuildFile; fileRef = 4F117A4F29DE0E7B002803FB /* GlassPanel.swift */; };
		4F117A5329DE108D002803FB /* Logo.swift in Sources */ = {isa = PBXBuildFile; fileRef = 4F117A5229DE108D002803FB /* Logo.swift */; };
		4FB2603E29DF343600EE67EF /* ChildSizeReader.swift in Sources */ = {isa = PBXBuildFile; fileRef = 4FB2603D29DF343600EE67EF /* ChildSizeReader.swift */; };
		4FB2604129DF3D3300EE67EF /* GlassContainer.swift in Sources */ = {isa = PBXBuildFile; fileRef = 4FB2604029DF3D3300EE67EF /* GlassContainer.swift */; };
		4FBFF81C29DC8538000C1D05 /* User.swift in Sources */ = {isa = PBXBuildFile; fileRef = 4FBFF81B29DC8538000C1D05 /* User.swift */; };
		4FBFF81E29DC8562000C1D05 /* UserService.swift in Sources */ = {isa = PBXBuildFile; fileRef = 4FBFF81D29DC8562000C1D05 /* UserService.swift */; };
		4FBFF82529DC8742000C1D05 /* OnboardingLandingHeader.swift in Sources */ = {isa = PBXBuildFile; fileRef = 4FBFF82429DC8742000C1D05 /* OnboardingLandingHeader.swift */; };
		4FBFF82729DC87ED000C1D05 /* TextButton.swift in Sources */ = {isa = PBXBuildFile; fileRef = 4FBFF82629DC87ED000C1D05 /* TextButton.swift */; };
		4FBFF82929DC8AC7000C1D05 /* OnboardingLandingFooter.swift in Sources */ = {isa = PBXBuildFile; fileRef = 4FBFF82829DC8AC7000C1D05 /* OnboardingLandingFooter.swift */; };
		4FBFF83129DC8C8B000C1D05 /* SubmitButton.swift in Sources */ = {isa = PBXBuildFile; fileRef = 4FBFF83029DC8C8B000C1D05 /* SubmitButton.swift */; };
		4FBFF83329DC8D12000C1D05 /* Cloud.swift in Sources */ = {isa = PBXBuildFile; fileRef = 4FBFF83229DC8D11000C1D05 /* Cloud.swift */; };
		4FBFF83529DC8DBF000C1D05 /* Theme.swift in Sources */ = {isa = PBXBuildFile; fileRef = 4FBFF83429DC8DBF000C1D05 /* Theme.swift */; };
		4FBFF83929DC8E5B000C1D05 /* GlassTextField.swift in Sources */ = {isa = PBXBuildFile; fileRef = 4FBFF83829DC8E5B000C1D05 /* GlassTextField.swift */; };
		4FBFF83D29DC8EE4000C1D05 /* FlatGlassView.swift in Sources */ = {isa = PBXBuildFile; fileRef = 4FBFF83C29DC8EE4000C1D05 /* FlatGlassView.swift */; };
		4FBFF83F29DC8F48000C1D05 /* GlassTextFieldModifier.swift in Sources */ = {isa = PBXBuildFile; fileRef = 4FBFF83E29DC8F48000C1D05 /* GlassTextFieldModifier.swift */; };
		4FBFF84129DC8F88000C1D05 /* ErrorText.swift in Sources */ = {isa = PBXBuildFile; fileRef = 4FBFF84029DC8F88000C1D05 /* ErrorText.swift */; };
		4FBFF84329DC8FBE000C1D05 /* DetailsText.swift in Sources */ = {isa = PBXBuildFile; fileRef = 4FBFF84229DC8FBE000C1D05 /* DetailsText.swift */; };
		4FBFF84529DC8FE2000C1D05 /* DescriptionText.swift in Sources */ = {isa = PBXBuildFile; fileRef = 4FBFF84429DC8FE2000C1D05 /* DescriptionText.swift */; };
		4FBFF84729DC900B000C1D05 /* LogoTitleDescriptionHeading.swift in Sources */ = {isa = PBXBuildFile; fileRef = 4FBFF84629DC900B000C1D05 /* LogoTitleDescriptionHeading.swift */; };
/* End PBXBuildFile section */

/* Begin PBXFileReference section */
		4F027E1B29BE774B00DEAEC9 /* GlassmorphismReel.app */ = {isa = PBXFileReference; explicitFileType = wrapper.application; includeInIndex = 0; path = GlassmorphismReel.app; sourceTree = BUILT_PRODUCTS_DIR; };
		4F027E1E29BE774B00DEAEC9 /* GlassmorphismReelApp.swift */ = {isa = PBXFileReference; lastKnownFileType = sourcecode.swift; path = GlassmorphismReelApp.swift; sourceTree = "<group>"; };
		4F027E2029BE774B00DEAEC9 /* ContentView.swift */ = {isa = PBXFileReference; lastKnownFileType = sourcecode.swift; path = ContentView.swift; sourceTree = "<group>"; };
		4F027E2229BE774D00DEAEC9 /* Assets.xcassets */ = {isa = PBXFileReference; lastKnownFileType = folder.assetcatalog; path = Assets.xcassets; sourceTree = "<group>"; };
		4F027E2529BE774D00DEAEC9 /* Preview Assets.xcassets */ = {isa = PBXFileReference; lastKnownFileType = folder.assetcatalog; path = "Preview Assets.xcassets"; sourceTree = "<group>"; };
		4F0D8F0029D73D8D001C873B /* Figtree-Regular.ttf */ = {isa = PBXFileReference; lastKnownFileType = file; path = "Figtree-Regular.ttf"; sourceTree = "<group>"; };
		4F0D8F0129D73D8D001C873B /* Figtree-SemiBold.ttf */ = {isa = PBXFileReference; lastKnownFileType = file; path = "Figtree-SemiBold.ttf"; sourceTree = "<group>"; };
		4F0D8F0329D73D8E001C873B /* Figtree-Bold.ttf */ = {isa = PBXFileReference; lastKnownFileType = file; path = "Figtree-Bold.ttf"; sourceTree = "<group>"; };
		4F0D8F0629D73D8E001C873B /* Figtree-Light.ttf */ = {isa = PBXFileReference; lastKnownFileType = file; path = "Figtree-Light.ttf"; sourceTree = "<group>"; };
		4F0D8F0829D73D8E001C873B /* Figtree-Italic.ttf */ = {isa = PBXFileReference; lastKnownFileType = file; path = "Figtree-Italic.ttf"; sourceTree = "<group>"; };
		4F0D8F0C29D73D90001C873B /* Figtree-Medium.ttf */ = {isa = PBXFileReference; lastKnownFileType = file; path = "Figtree-Medium.ttf"; sourceTree = "<group>"; };
		4F0D8F1C29D73DA2001C873B /* PTSans-Bold.ttf */ = {isa = PBXFileReference; lastKnownFileType = file; path = "PTSans-Bold.ttf"; sourceTree = "<group>"; };
		4F0D8F1F29D73DA2001C873B /* PTSans-Regular.ttf */ = {isa = PBXFileReference; lastKnownFileType = file; path = "PTSans-Regular.ttf"; sourceTree = "<group>"; };
		4F117A4829DE08DF002803FB /* ShouldHide.swift */ = {isa = PBXFileReference; lastKnownFileType = sourcecode.swift; path = ShouldHide.swift; sourceTree = "<group>"; };
		4F117A4A29DE095D002803FB /* TitleText.swift */ = {isa = PBXFileReference; lastKnownFileType = sourcecode.swift; path = TitleText.swift; sourceTree = "<group>"; };
		4F117A4F29DE0E7B002803FB /* GlassPanel.swift */ = {isa = PBXFileReference; lastKnownFileType = sourcecode.swift; path = GlassPanel.swift; sourceTree = "<group>"; };
		4F117A5229DE108D002803FB /* Logo.swift */ = {isa = PBXFileReference; lastKnownFileType = sourcecode.swift; path = Logo.swift; sourceTree = "<group>"; };
		4FB2603D29DF343600EE67EF /* ChildSizeReader.swift */ = {isa = PBXFileReference; lastKnownFileType = sourcecode.swift; path = ChildSizeReader.swift; sourceTree = "<group>"; };
		4FB2604029DF3D3300EE67EF /* GlassContainer.swift */ = {isa = PBXFileReference; lastKnownFileType = sourcecode.swift; path = GlassContainer.swift; sourceTree = "<group>"; };
		4FBFF81B29DC8538000C1D05 /* User.swift */ = {isa = PBXFileReference; lastKnownFileType = sourcecode.swift; path = User.swift; sourceTree = "<group>"; };
		4FBFF81D29DC8562000C1D05 /* UserService.swift */ = {isa = PBXFileReference; lastKnownFileType = sourcecode.swift; path = UserService.swift; sourceTree = "<group>"; };
		4FBFF82429DC8742000C1D05 /* OnboardingLandingHeader.swift */ = {isa = PBXFileReference; lastKnownFileType = sourcecode.swift; path = OnboardingLandingHeader.swift; sourceTree = "<group>"; };
		4FBFF82629DC87ED000C1D05 /* TextButton.swift */ = {isa = PBXFileReference; lastKnownFileType = sourcecode.swift; path = TextButton.swift; sourceTree = "<group>"; };
		4FBFF82829DC8AC7000C1D05 /* OnboardingLandingFooter.swift */ = {isa = PBXFileReference; lastKnownFileType = sourcecode.swift; path = OnboardingLandingFooter.swift; sourceTree = "<group>"; };
		4FBFF83029DC8C8B000C1D05 /* SubmitButton.swift */ = {isa = PBXFileReference; lastKnownFileType = sourcecode.swift; path = SubmitButton.swift; sourceTree = "<group>"; };
		4FBFF83229DC8D11000C1D05 /* Cloud.swift */ = {isa = PBXFileReference; lastKnownFileType = sourcecode.swift; path = Cloud.swift; sourceTree = "<group>"; };
		4FBFF83429DC8DBF000C1D05 /* Theme.swift */ = {isa = PBXFileReference; lastKnownFileType = sourcecode.swift; path = Theme.swift; sourceTree = "<group>"; };
		4FBFF83829DC8E5B000C1D05 /* GlassTextField.swift */ = {isa = PBXFileReference; lastKnownFileType = sourcecode.swift; path = GlassTextField.swift; sourceTree = "<group>"; };
		4FBFF83C29DC8EE4000C1D05 /* FlatGlassView.swift */ = {isa = PBXFileReference; lastKnownFileType = sourcecode.swift; path = FlatGlassView.swift; sourceTree = "<group>"; };
		4FBFF83E29DC8F48000C1D05 /* GlassTextFieldModifier.swift */ = {isa = PBXFileReference; lastKnownFileType = sourcecode.swift; path = GlassTextFieldModifier.swift; sourceTree = "<group>"; };
		4FBFF84029DC8F88000C1D05 /* ErrorText.swift */ = {isa = PBXFileReference; lastKnownFileType = sourcecode.swift; path = ErrorText.swift; sourceTree = "<group>"; };
		4FBFF84229DC8FBE000C1D05 /* DetailsText.swift */ = {isa = PBXFileReference; lastKnownFileType = sourcecode.swift; path = DetailsText.swift; sourceTree = "<group>"; };
		4FBFF84429DC8FE2000C1D05 /* DescriptionText.swift */ = {isa = PBXFileReference; lastKnownFileType = sourcecode.swift; path = DescriptionText.swift; sourceTree = "<group>"; };
		4FBFF84629DC900B000C1D05 /* LogoTitleDescriptionHeading.swift */ = {isa = PBXFileReference; lastKnownFileType = sourcecode.swift; path = LogoTitleDescriptionHeading.swift; sourceTree = "<group>"; };
/* End PBXFileReference section */

/* Begin PBXFrameworksBuildPhase section */
		4F027E1829BE774B00DEAEC9 /* Frameworks */ = {
			isa = PBXFrameworksBuildPhase;
			buildActionMask = 2147483647;
			files = (
			);
			runOnlyForDeploymentPostprocessing = 0;
		};
/* End PBXFrameworksBuildPhase section */

/* Begin PBXGroup section */
		4F027E1229BE774B00DEAEC9 = {
			isa = PBXGroup;
			children = (
				4F027E1D29BE774B00DEAEC9 /* GlassmorphismReel */,
				4F027E1C29BE774B00DEAEC9 /* Products */,
			);
			sourceTree = "<group>";
		};
		4F027E1C29BE774B00DEAEC9 /* Products */ = {
			isa = PBXGroup;
			children = (
				4F027E1B29BE774B00DEAEC9 /* GlassmorphismReel.app */,
			);
			name = Products;
			sourceTree = "<group>";
		};
		4F027E1D29BE774B00DEAEC9 /* GlassmorphismReel */ = {
			isa = PBXGroup;
			children = (
				4FBFF82229DC86CE000C1D05 /* UI */,
				4FBFF81A29DC84CC000C1D05 /* Modals */,
				4FBFF81929DC8498000C1D05 /* Views */,
				4F0D8F1C29D73DA2001C873B /* PTSans-Bold.ttf */,
				4F0D8F1F29D73DA2001C873B /* PTSans-Regular.ttf */,
				4F0D8F0329D73D8E001C873B /* Figtree-Bold.ttf */,
				4F0D8F0829D73D8E001C873B /* Figtree-Italic.ttf */,
				4F0D8F0629D73D8E001C873B /* Figtree-Light.ttf */,
				4F0D8F0C29D73D90001C873B /* Figtree-Medium.ttf */,
				4F0D8F0029D73D8D001C873B /* Figtree-Regular.ttf */,
				4F0D8F0129D73D8D001C873B /* Figtree-SemiBold.ttf */,
				4F027E1E29BE774B00DEAEC9 /* GlassmorphismReelApp.swift */,
				4F027E2029BE774B00DEAEC9 /* ContentView.swift */,
				4F027E2229BE774D00DEAEC9 /* Assets.xcassets */,
				4F027E2429BE774D00DEAEC9 /* Preview Content */,
			);
			path = GlassmorphismReel;
			sourceTree = "<group>";
		};
		4F027E2429BE774D00DEAEC9 /* Preview Content */ = {
			isa = PBXGroup;
			children = (
				4F027E2529BE774D00DEAEC9 /* Preview Assets.xcassets */,
			);
			path = "Preview Content";
			sourceTree = "<group>";
		};
		4F117A5129DE107F002803FB /* Images */ = {
			isa = PBXGroup;
			children = (
				4F117A5229DE108D002803FB /* Logo.swift */,
			);
			path = Images;
			sourceTree = "<group>";
		};
		4FB2603C29DF342500EE67EF /* Helpers */ = {
			isa = PBXGroup;
			children = (
				4FB2603D29DF343600EE67EF /* ChildSizeReader.swift */,
			);
			path = Helpers;
			sourceTree = "<group>";
		};
		4FB2603F29DF3D2000EE67EF /* Containers */ = {
			isa = PBXGroup;
			children = (
				4FB2604029DF3D3300EE67EF /* GlassContainer.swift */,
			);
			path = Containers;
			sourceTree = "<group>";
		};
		4FBFF81929DC8498000C1D05 /* Views */ = {
			isa = PBXGroup;
			children = (
				4FBFF82129DC8609000C1D05 /* LLoginView */,
				4FBFF82029DC85F2000C1D05 /* Unauthenticated */,
			);
			path = Views;
			sourceTree = "<group>";
		};
		4FBFF81A29DC84CC000C1D05 /* Modals */ = {
			isa = PBXGroup;
			children = (
				4FBFF81B29DC8538000C1D05 /* User.swift */,
				4FBFF81D29DC8562000C1D05 /* UserService.swift */,
			);
			path = Modals;
			sourceTree = "<group>";
		};
		4FBFF82029DC85F2000C1D05 /* Unauthenticated */ = {
			isa = PBXGroup;
			children = (
			);
			path = Unauthenticated;
			sourceTree = "<group>";
		};
		4FBFF82129DC8609000C1D05 /* LLoginView */ = {
			isa = PBXGroup;
			children = (
			);
			path = LLoginView;
			sourceTree = "<group>";
		};
		4FBFF82229DC86CE000C1D05 /* UI */ = {
			isa = PBXGroup;
			children = (
				4FB2603C29DF342500EE67EF /* Helpers */,
				4FBFF82329DC86DE000C1D05 /* Components */,
			);
			path = UI;
			sourceTree = "<group>";
		};
		4FBFF82329DC86DE000C1D05 /* Components */ = {
			isa = PBXGroup;
			children = (
				4FBFF82D29DC8BEC000C1D05 /* Screens */,
				4FBFF82C29DC8BE0000C1D05 /* Organisms */,
				4FBFF82B29DC8BC9000C1D05 /* Molecules */,
				4FBFF82A29DC8BBB000C1D05 /* Atoms */,
			);
			path = Components;
			sourceTree = "<group>";
		};
		4FBFF82A29DC8BBB000C1D05 /* Atoms */ = {
			isa = PBXGroup;
			children = (
				4FB2603F29DF3D2000EE67EF /* Containers */,
				4F117A5129DE107F002803FB /* Images */,
				4FBFF83B29DC8EB5000C1D05 /* ViewModifiers */,
				4FBFF83A29DC8E78000C1D05 /* Typography */,
				4FBFF83229DC8D11000C1D05 /* Cloud.swift */,
				4FBFF83429DC8DBF000C1D05 /* Theme.swift */,
			);
			path = Atoms;
			sourceTree = "<group>";
		};
		4FBFF82B29DC8BC9000C1D05 /* Molecules */ = {
			isa = PBXGroup;
			children = (
				4FBFF83729DC8E28000C1D05 /* Inputs */,
				4FBFF82E29DC8BFF000C1D05 /* Buttons */,
			);
			path = Molecules;
			sourceTree = "<group>";
		};
		4FBFF82C29DC8BE0000C1D05 /* Organisms */ = {
			isa = PBXGroup;
			children = (
				4FBFF82429DC8742000C1D05 /* OnboardingLandingHeader.swift */,
				4FBFF82829DC8AC7000C1D05 /* OnboardingLandingFooter.swift */,
				4FBFF84629DC900B000C1D05 /* LogoTitleDescriptionHeading.swift */,
			);
			path = Organisms;
			sourceTree = "<group>";
		};
		4FBFF82D29DC8BEC000C1D05 /* Screens */ = {
			isa = PBXGroup;
			children = (
				4FBFF82F29DC8C16000C1D05 /* LoginView */,
			);
			path = Screens;
			sourceTree = "<group>";
		};
		4FBFF82E29DC8BFF000C1D05 /* Buttons */ = {
			isa = PBXGroup;
			children = (
				4FBFF82629DC87ED000C1D05 /* TextButton.swift */,
				4FBFF83029DC8C8B000C1D05 /* SubmitButton.swift */,
			);
			path = Buttons;
			sourceTree = "<group>";
		};
		4FBFF82F29DC8C16000C1D05 /* LoginView */ = {
			isa = PBXGroup;
			children = (
			);
			path = LoginView;
			sourceTree = "<group>";
		};
		4FBFF83729DC8E28000C1D05 /* Inputs */ = {
			isa = PBXGroup;
			children = (
				4FBFF83829DC8E5B000C1D05 /* GlassTextField.swift */,
			);
			path = Inputs;
			sourceTree = "<group>";
		};
		4FBFF83A29DC8E78000C1D05 /* Typography */ = {
			isa = PBXGroup;
			children = (
				4FBFF84029DC8F88000C1D05 /* ErrorText.swift */,
				4FBFF84229DC8FBE000C1D05 /* DetailsText.swift */,
				4FBFF84429DC8FE2000C1D05 /* DescriptionText.swift */,
				4F117A4A29DE095D002803FB /* TitleText.swift */,
			);
			path = Typography;
			sourceTree = "<group>";
		};
		4FBFF83B29DC8EB5000C1D05 /* ViewModifiers */ = {
			isa = PBXGroup;
			children = (
				4FBFF83C29DC8EE4000C1D05 /* FlatGlassView.swift */,
				4FBFF83E29DC8F48000C1D05 /* GlassTextFieldModifier.swift */,
				4F117A4829DE08DF002803FB /* ShouldHide.swift */,
				4F117A4F29DE0E7B002803FB /* GlassPanel.swift */,
			);
			path = ViewModifiers;
			sourceTree = "<group>";
		};
/* End PBXGroup section */

/* Begin PBXNativeTarget section */
		4F027E1A29BE774B00DEAEC9 /* GlassmorphismReel */ = {
			isa = PBXNativeTarget;
			buildConfigurationList = 4F027E2929BE774D00DEAEC9 /* Build configuration list for PBXNativeTarget "GlassmorphismReel" */;
			buildPhases = (
				4F027E1729BE774B00DEAEC9 /* Sources */,
				4F027E1829BE774B00DEAEC9 /* Frameworks */,
				4F027E1929BE774B00DEAEC9 /* Resources */,
				4F9FB09029C4F0F9007F81C4 /* Swift Format */,
			);
			buildRules = (
			);
			dependencies = (
			);
			name = GlassmorphismReel;
			productName = GlassmorphismReel;
			productReference = 4F027E1B29BE774B00DEAEC9 /* GlassmorphismReel.app */;
			productType = "com.apple.product-type.application";
		};
/* End PBXNativeTarget section */

/* Begin PBXProject section */
		4F027E1329BE774B00DEAEC9 /* Project object */ = {
			isa = PBXProject;
			attributes = {
				BuildIndependentTargetsInParallel = 1;
				LastSwiftUpdateCheck = 1420;
				LastUpgradeCheck = 1420;
				TargetAttributes = {
					4F027E1A29BE774B00DEAEC9 = {
						CreatedOnToolsVersion = 14.2;
					};
				};
			};
			buildConfigurationList = 4F027E1629BE774B00DEAEC9 /* Build configuration list for PBXProject "GlassmorphismReel" */;
			compatibilityVersion = "Xcode 14.0";
			developmentRegion = en;
			hasScannedForEncodings = 0;
			knownRegions = (
				en,
				Base,
			);
			mainGroup = 4F027E1229BE774B00DEAEC9;
			productRefGroup = 4F027E1C29BE774B00DEAEC9 /* Products */;
			projectDirPath = "";
			projectRoot = "";
			targets = (
				4F027E1A29BE774B00DEAEC9 /* GlassmorphismReel */,
			);
		};
/* End PBXProject section */

/* Begin PBXResourcesBuildPhase section */
		4F027E1929BE774B00DEAEC9 /* Resources */ = {
			isa = PBXResourcesBuildPhase;
			buildActionMask = 2147483647;
			files = (
				4F0D8F1129D73D90001C873B /* Figtree-Bold.ttf in Resources */,
				4F0D8F0F29D73D90001C873B /* Figtree-SemiBold.ttf in Resources */,
				4F0D8F1629D73D90001C873B /* Figtree-Italic.ttf in Resources */,
				4F0D8F2329D73DA3001C873B /* PTSans-Regular.ttf in Resources */,
				4F0D8F1429D73D90001C873B /* Figtree-Light.ttf in Resources */,
				4F0D8F2029D73DA3001C873B /* PTSans-Bold.ttf in Resources */,
				4F027E2629BE774D00DEAEC9 /* Preview Assets.xcassets in Resources */,
				4F027E2329BE774D00DEAEC9 /* Assets.xcassets in Resources */,
				4F0D8F1A29D73D90001C873B /* Figtree-Medium.ttf in Resources */,
				4F0D8F0E29D73D90001C873B /* Figtree-Regular.ttf in Resources */,
			);
			runOnlyForDeploymentPostprocessing = 0;
		};
/* End PBXResourcesBuildPhase section */

/* Begin PBXShellScriptBuildPhase section */
		4F9FB09029C4F0F9007F81C4 /* Swift Format */ = {
			isa = PBXShellScriptBuildPhase;
			buildActionMask = 2147483647;
			files = (
			);
			inputFileListPaths = (
			);
			inputPaths = (
			);
			name = "Swift Format";
			outputFileListPaths = (
			);
			outputPaths = (
			);
			runOnlyForDeploymentPostprocessing = 0;
			shellPath = /bin/sh;
			shellScript = "
";
		};
/* End PBXShellScriptBuildPhase section */

/* Begin PBXSourcesBuildPhase section */
		4F027E1729BE774B00DEAEC9 /* Sources */ = {
			isa = PBXSourcesBuildPhase;
			buildActionMask = 2147483647;
			files = (
				4FBFF82729DC87ED000C1D05 /* TextButton.swift in Sources */,
				4F117A5329DE108D002803FB /* Logo.swift in Sources */,
				4FBFF83329DC8D12000C1D05 /* Cloud.swift in Sources */,
				4FBFF83F29DC8F48000C1D05 /* GlassTextFieldModifier.swift in Sources */,
				4FBFF84129DC8F88000C1D05 /* ErrorText.swift in Sources */,
				4F117A5029DE0E7B002803FB /* GlassPanel.swift in Sources */,
				4FBFF84729DC900B000C1D05 /* LogoTitleDescriptionHeading.swift in Sources */,
				4FBFF83D29DC8EE4000C1D05 /* FlatGlassView.swift in Sources */,
				4FBFF82929DC8AC7000C1D05 /* OnboardingLandingFooter.swift in Sources */,
				4F117A4B29DE095D002803FB /* TitleText.swift in Sources */,
				4FBFF81E29DC8562000C1D05 /* UserService.swift in Sources */,
				4FB2604129DF3D3300EE67EF /* GlassContainer.swift in Sources */,
				4F027E2129BE774B00DEAEC9 /* ContentView.swift in Sources */,
				4F027E1F29BE774B00DEAEC9 /* GlassmorphismReelApp.swift in Sources */,
				4F117A4929DE08DF002803FB /* ShouldHide.swift in Sources */,
				4FBFF84529DC8FE2000C1D05 /* DescriptionText.swift in Sources */,
				4FBFF83129DC8C8B000C1D05 /* SubmitButton.swift in Sources */,
				4FBFF83929DC8E5B000C1D05 /* GlassTextField.swift in Sources */,
				4FBFF83529DC8DBF000C1D05 /* Theme.swift in Sources */,
				4FB2603E29DF343600EE67EF /* ChildSizeReader.swift in Sources */,
				4FBFF82529DC8742000C1D05 /* OnboardingLandingHeader.swift in Sources */,
				4FBFF84329DC8FBE000C1D05 /* DetailsText.swift in Sources */,
				4FBFF81C29DC8538000C1D05 /* User.swift in Sources */,
			);
			runOnlyForDeploymentPostprocessing = 0;
		};
/* End PBXSourcesBuildPhase section */

/* Begin XCBuildConfiguration section */
		4F027E2729BE774D00DEAEC9 /* Debug */ = {
			isa = XCBuildConfiguration;
			buildSettings = {
				ALWAYS_SEARCH_USER_PATHS = NO;
				CLANG_ANALYZER_NONNULL = YES;
				CLANG_ANALYZER_NUMBER_OBJECT_CONVERSION = YES_AGGRESSIVE;
				CLANG_CXX_LANGUAGE_STANDARD = "gnu++20";
				CLANG_ENABLE_MODULES = YES;
				CLANG_ENABLE_OBJC_ARC = YES;
				CLANG_ENABLE_OBJC_WEAK = YES;
				CLANG_WARN_BLOCK_CAPTURE_AUTORELEASING = YES;
				CLANG_WARN_BOOL_CONVERSION = YES;
				CLANG_WARN_COMMA = YES;
				CLANG_WARN_CONSTANT_CONVERSION = YES;
				CLANG_WARN_DEPRECATED_OBJC_IMPLEMENTATIONS = YES;
				CLANG_WARN_DIRECT_OBJC_ISA_USAGE = YES_ERROR;
				CLANG_WARN_DOCUMENTATION_COMMENTS = YES;
				CLANG_WARN_EMPTY_BODY = YES;
				CLANG_WARN_ENUM_CONVERSION = YES;
				CLANG_WARN_INFINITE_RECURSION = YES;
				CLANG_WARN_INT_CONVERSION = YES;
				CLANG_WARN_NON_LITERAL_NULL_CONVERSION = YES;
				CLANG_WARN_OBJC_IMPLICIT_RETAIN_SELF = YES;
				CLANG_WARN_OBJC_LITERAL_CONVERSION = YES;
				CLANG_WARN_OBJC_ROOT_CLASS = YES_ERROR;
				CLANG_WARN_QUOTED_INCLUDE_IN_FRAMEWORK_HEADER = YES;
				CLANG_WARN_RANGE_LOOP_ANALYSIS = YES;
				CLANG_WARN_STRICT_PROTOTYPES = YES;
				CLANG_WARN_SUSPICIOUS_MOVE = YES;
				CLANG_WARN_UNGUARDED_AVAILABILITY = YES_AGGRESSIVE;
				CLANG_WARN_UNREACHABLE_CODE = YES;
				CLANG_WARN__DUPLICATE_METHOD_MATCH = YES;
				COPY_PHASE_STRIP = NO;
				DEBUG_INFORMATION_FORMAT = dwarf;
				ENABLE_STRICT_OBJC_MSGSEND = YES;
				ENABLE_TESTABILITY = YES;
				GCC_C_LANGUAGE_STANDARD = gnu11;
				GCC_DYNAMIC_NO_PIC = NO;
				GCC_NO_COMMON_BLOCKS = YES;
				GCC_OPTIMIZATION_LEVEL = 0;
				GCC_PREPROCESSOR_DEFINITIONS = (
					"DEBUG=1",
					"$(inherited)",
				);
				GCC_WARN_64_TO_32_BIT_CONVERSION = YES;
				GCC_WARN_ABOUT_RETURN_TYPE = YES_ERROR;
				GCC_WARN_UNDECLARED_SELECTOR = YES;
				GCC_WARN_UNINITIALIZED_AUTOS = YES_AGGRESSIVE;
				GCC_WARN_UNUSED_FUNCTION = YES;
				GCC_WARN_UNUSED_VARIABLE = YES;
				IPHONEOS_DEPLOYMENT_TARGET = 16.0;
				MTL_ENABLE_DEBUG_INFO = INCLUDE_SOURCE;
				MTL_FAST_MATH = YES;
				ONLY_ACTIVE_ARCH = YES;
				SDKROOT = iphoneos;
				SWIFT_ACTIVE_COMPILATION_CONDITIONS = DEBUG;
				SWIFT_OPTIMIZATION_LEVEL = "-Onone";
			};
			name = Debug;
		};
		4F027E2829BE774D00DEAEC9 /* Release */ = {
			isa = XCBuildConfiguration;
			buildSettings = {
				ALWAYS_SEARCH_USER_PATHS = NO;
				CLANG_ANALYZER_NONNULL = YES;
				CLANG_ANALYZER_NUMBER_OBJECT_CONVERSION = YES_AGGRESSIVE;
				CLANG_CXX_LANGUAGE_STANDARD = "gnu++20";
				CLANG_ENABLE_MODULES = YES;
				CLANG_ENABLE_OBJC_ARC = YES;
				CLANG_ENABLE_OBJC_WEAK = YES;
				CLANG_WARN_BLOCK_CAPTURE_AUTORELEASING = YES;
				CLANG_WARN_BOOL_CONVERSION = YES;
				CLANG_WARN_COMMA = YES;
				CLANG_WARN_CONSTANT_CONVERSION = YES;
				CLANG_WARN_DEPRECATED_OBJC_IMPLEMENTATIONS = YES;
				CLANG_WARN_DIRECT_OBJC_ISA_USAGE = YES_ERROR;
				CLANG_WARN_DOCUMENTATION_COMMENTS = YES;
				CLANG_WARN_EMPTY_BODY = YES;
				CLANG_WARN_ENUM_CONVERSION = YES;
				CLANG_WARN_INFINITE_RECURSION = YES;
				CLANG_WARN_INT_CONVERSION = YES;
				CLANG_WARN_NON_LITERAL_NULL_CONVERSION = YES;
				CLANG_WARN_OBJC_IMPLICIT_RETAIN_SELF = YES;
				CLANG_WARN_OBJC_LITERAL_CONVERSION = YES;
				CLANG_WARN_OBJC_ROOT_CLASS = YES_ERROR;
				CLANG_WARN_QUOTED_INCLUDE_IN_FRAMEWORK_HEADER = YES;
				CLANG_WARN_RANGE_LOOP_ANALYSIS = YES;
				CLANG_WARN_STRICT_PROTOTYPES = YES;
				CLANG_WARN_SUSPICIOUS_MOVE = YES;
				CLANG_WARN_UNGUARDED_AVAILABILITY = YES_AGGRESSIVE;
				CLANG_WARN_UNREACHABLE_CODE = YES;
				CLANG_WARN__DUPLICATE_METHOD_MATCH = YES;
				COPY_PHASE_STRIP = NO;
				DEBUG_INFORMATION_FORMAT = "dwarf-with-dsym";
				ENABLE_NS_ASSERTIONS = NO;
				ENABLE_STRICT_OBJC_MSGSEND = YES;
				GCC_C_LANGUAGE_STANDARD = gnu11;
				GCC_NO_COMMON_BLOCKS = YES;
				GCC_WARN_64_TO_32_BIT_CONVERSION = YES;
				GCC_WARN_ABOUT_RETURN_TYPE = YES_ERROR;
				GCC_WARN_UNDECLARED_SELECTOR = YES;
				GCC_WARN_UNINITIALIZED_AUTOS = YES_AGGRESSIVE;
				GCC_WARN_UNUSED_FUNCTION = YES;
				GCC_WARN_UNUSED_VARIABLE = YES;
				IPHONEOS_DEPLOYMENT_TARGET = 16.0;
				MTL_ENABLE_DEBUG_INFO = NO;
				MTL_FAST_MATH = YES;
				SDKROOT = iphoneos;
				SWIFT_COMPILATION_MODE = wholemodule;
				SWIFT_OPTIMIZATION_LEVEL = "-O";
				VALIDATE_PRODUCT = YES;
			};
			name = Release;
		};
		4F027E2A29BE774D00DEAEC9 /* Debug */ = {
			isa = XCBuildConfiguration;
			buildSettings = {
				ASSETCATALOG_COMPILER_APPICON_NAME = AppIcon;
				ASSETCATALOG_COMPILER_GLOBAL_ACCENT_COLOR_NAME = AccentColor;
				CODE_SIGN_STYLE = Automatic;
				CURRENT_PROJECT_VERSION = 1;
				DEVELOPMENT_ASSET_PATHS = "\"GlassmorphismReel/Preview Content\"";
				DEVELOPMENT_TEAM = VF723GLUG5;
				ENABLE_PREVIEWS = YES;
				GENERATE_INFOPLIST_FILE = YES;
				INFOPLIST_FILE = GlassmorphismReel/Info.plist;
				INFOPLIST_KEY_UIApplicationSceneManifest_Generation = YES;
				INFOPLIST_KEY_UIApplicationSupportsIndirectInputEvents = YES;
				INFOPLIST_KEY_UILaunchScreen_Generation = YES;
				INFOPLIST_KEY_UISupportedInterfaceOrientations_iPad = "UIInterfaceOrientationPortrait UIInterfaceOrientationPortraitUpsideDown UIInterfaceOrientationLandscapeLeft UIInterfaceOrientationLandscapeRight";
				INFOPLIST_KEY_UISupportedInterfaceOrientations_iPhone = "UIInterfaceOrientationPortrait UIInterfaceOrientationLandscapeLeft UIInterfaceOrientationLandscapeRight";
				LD_RUNPATH_SEARCH_PATHS = (
					"$(inherited)",
					"@executable_path/Frameworks",
				);
				MARKETING_VERSION = 1.0;
				PRODUCT_BUNDLE_IDENTIFIER = devlander.GlassmorphismReel;
				PRODUCT_NAME = "$(TARGET_NAME)";
				SWIFT_EMIT_LOC_STRINGS = YES;
				SWIFT_VERSION = 5.0;
				TARGETED_DEVICE_FAMILY = "1,2";
			};
			name = Debug;
		};
		4F027E2B29BE774D00DEAEC9 /* Release */ = {
			isa = XCBuildConfiguration;
			buildSettings = {
				ASSETCATALOG_COMPILER_APPICON_NAME = AppIcon;
				ASSETCATALOG_COMPILER_GLOBAL_ACCENT_COLOR_NAME = AccentColor;
				CODE_SIGN_STYLE = Automatic;
				CURRENT_PROJECT_VERSION = 1;
				DEVELOPMENT_ASSET_PATHS = "\"GlassmorphismReel/Preview Content\"";
				DEVELOPMENT_TEAM = VF723GLUG5;
				ENABLE_PREVIEWS = YES;
				GENERATE_INFOPLIST_FILE = YES;
				INFOPLIST_FILE = GlassmorphismReel/Info.plist;
				INFOPLIST_KEY_UIApplicationSceneManifest_Generation = YES;
				INFOPLIST_KEY_UIApplicationSupportsIndirectInputEvents = YES;
				INFOPLIST_KEY_UILaunchScreen_Generation = YES;
				INFOPLIST_KEY_UISupportedInterfaceOrientations_iPad = "UIInterfaceOrientationPortrait UIInterfaceOrientationPortraitUpsideDown UIInterfaceOrientationLandscapeLeft UIInterfaceOrientationLandscapeRight";
				INFOPLIST_KEY_UISupportedInterfaceOrientations_iPhone = "UIInterfaceOrientationPortrait UIInterfaceOrientationLandscapeLeft UIInterfaceOrientationLandscapeRight";
				LD_RUNPATH_SEARCH_PATHS = (
					"$(inherited)",
					"@executable_path/Frameworks",
				);
				MARKETING_VERSION = 1.0;
				PRODUCT_BUNDLE_IDENTIFIER = devlander.GlassmorphismReel;
				PRODUCT_NAME = "$(TARGET_NAME)";
				SWIFT_EMIT_LOC_STRINGS = YES;
				SWIFT_VERSION = 5.0;
				TARGETED_DEVICE_FAMILY = "1,2";
			};
			name = Release;
		};
/* End XCBuildConfiguration section */

/* Begin XCConfigurationList section */
		4F027E1629BE774B00DEAEC9 /* Build configuration list for PBXProject "GlassmorphismReel" */ = {
			isa = XCConfigurationList;
			buildConfigurations = (
				4F027E2729BE774D00DEAEC9 /* Debug */,
				4F027E2829BE774D00DEAEC9 /* Release */,
			);
			defaultConfigurationIsVisible = 0;
			defaultConfigurationName = Release;
		};
		4F027E2929BE774D00DEAEC9 /* Build configuration list for PBXNativeTarget "GlassmorphismReel" */ = {
			isa = XCConfigurationList;
			buildConfigurations = (
				4F027E2A29BE774D00DEAEC9 /* Debug */,
				4F027E2B29BE774D00DEAEC9 /* Release */,
			);
			defaultConfigurationIsVisible = 0;
			defaultConfigurationName = Release;
		};
/* End XCConfigurationList section */
	};
	rootObject = 4F027E1329BE774B00DEAEC9 /* Project object */;
}
